
Microsoft Visual Studio Solution File, Format Version 12.00
# Visual Studio Version 17
VisualStudioVersion = 17.8.34330.188
MinimumVisualStudioVersion = 10.0.40219.1
Project("{9A19103F-16F7-4668-BE54-9A1E7A4F7556}") = "UI", "UI\UI.csproj", "{2FBD555C-383D-4E21-834C-0548A6770115}"
EndProject
Project("{9A19103F-16F7-4668-BE54-9A1E7A4F7556}") = "FileSystem", "FileSystem\FileSystem.csproj", "{6426D3AF-A241-45D5-94F9-6A36A382BB5A}"
EndProject
Project("{FAE04EC0-301F-11D3-BF4B-00C04F79EFBC}") = "WordPredictor", "WordPredictor\WordPredictor.csproj", "{11FC958F-68C3-4934-AAF5-D45B4FB17892}"
EndProject
Global
	GlobalSection(SolutionConfigurationPlatforms) = preSolution
		Debug|Any CPU = Debug|Any CPU
		Release|Any CPU = Release|Any CPU
	EndGlobalSection
	GlobalSection(ProjectConfigurationPlatforms) = postSolution
		{2FBD555C-383D-4E21-834C-0548A6770115}.Debug|Any CPU.ActiveCfg = Debug|Any CPU
		{2FBD555C-383D-4E21-834C-0548A6770115}.Debug|Any CPU.Build.0 = Debug|Any CPU
		{2FBD555C-383D-4E21-834C-0548A6770115}.Release|Any CPU.ActiveCfg = Release|Any CPU
		{2FBD555C-383D-4E21-834C-0548A6770115}.Release|Any CPU.Build.0 = Release|Any CPU
		{6426D3AF-A241-45D5-94F9-6A36A382BB5A}.Debug|Any CPU.ActiveCfg = Debug|Any CPU
		{6426D3AF-A241-45D5-94F9-6A36A382BB5A}.Debug|Any CPU.Build.0 = Debug|Any CPU
		{6426D3AF-A241-45D5-94F9-6A36A382BB5A}.Release|Any CPU.ActiveCfg = Release|Any CPU
		{6426D3AF-A241-45D5-94F9-6A36A382BB5A}.Release|Any CPU.Build.0 = Release|Any CPU
		{11FC958F-68C3-4934-AAF5-D45B4FB17892}.Debug|Any CPU.ActiveCfg = Debug|Any CPU
		{11FC958F-68C3-4934-AAF5-D45B4FB17892}.Debug|Any CPU.Build.0 = Debug|Any CPU
		{11FC958F-68C3-4934-AAF5-D45B4FB17892}.Release|Any CPU.ActiveCfg = Release|Any CPU
		{11FC958F-68C3-4934-AAF5-D45B4FB17892}.Release|Any CPU.Build.0 = Release|Any CPU
	EndGlobalSection
	GlobalSection(SolutionProperties) = preSolution
		HideSolutionNode = FALSE
	EndGlobalSection
	GlobalSection(ExtensibilityGlobals) = postSolution
		SolutionGuid = {DF90F174-F767-4743-87BC-813ED6F404C1}
	EndGlobalSection
EndGlobal
